
Microsoft Visual Studio Solution File, Format Version 12.00
# Visual Studio Version 17
VisualStudioVersion = 17.6.33815.320
MinimumVisualStudioVersion = 10.0.40219.1
Project("{8BC9CEB8-8B4A-11D0-8D11-00A0C91BC942}") = "AVL", "AVL\AVL.vcxproj", "{EBA522F0-A154-4242-8558-7CE9CCE4ED4B}"
EndProject
Global
	GlobalSection(SolutionConfigurationPlatforms) = preSolution
		Debug|x64 = Debug|x64
		Debug|x86 = Debug|x86
		Release|x64 = Release|x64
		Release|x86 = Release|x86
	EndGlobalSection
	GlobalSection(ProjectConfigurationPlatforms) = postSolution
		{EBA522F0-A154-4242-8558-7CE9CCE4ED4B}.Debug|x64.ActiveCfg = Debug|x64
		{EBA522F0-A154-4242-8558-7CE9CCE4ED4B}.Debug|x64.Build.0 = Debug|x64
		{EBA522F0-A154-4242-8558-7CE9CCE4ED4B}.Debug|x86.ActiveCfg = Debug|Win32
		{EBA522F0-A154-4242-8558-7CE9CCE4ED4B}.Debug|x86.Build.0 = Debug|Win32
		{EBA522F0-A154-4242-8558-7CE9CCE4ED4B}.Release|x64.ActiveCfg = Release|x64
		{EBA522F0-A154-4242-8558-7CE9CCE4ED4B}.Release|x64.Build.0 = Release|x64
		{EBA522F0-A154-4242-8558-7CE9CCE4ED4B}.Release|x86.ActiveCfg = Release|Win32
		{EBA522F0-A154-4242-8558-7CE9CCE4ED4B}.Release|x86.Build.0 = Release|Win32
	EndGlobalSection
	GlobalSection(SolutionProperties) = preSolution
		HideSolutionNode = FALSE
	EndGlobalSection
	GlobalSection(ExtensibilityGlobals) = postSolution
		SolutionGuid = {68556390-66F4-4A44-89D9-6FAFB5928F94}
	EndGlobalSection
EndGlobal
